{
  "name": "lambda-unzipper-set",
  "version": "1.0.0",
  "lockfileVersion": 1,
  "requires": true,
  "dependencies": {
    "async": {
      "version": "2.6.4",
      "resolved": "https://registry.npmjs.org/async/-/async-2.6.4.tgz",
      "integrity": "sha512-mzo5dfJYwAn29PeiJ0zvwTo04zj8HDJj0Mn8TD7sno7q12prdbnasKJHhkm2c1LgrhlJ0teaea8860oxi51mGA==",
      "dev": true,
      "requires": {
        "lodash": "^4.17.14"
      }
    },
    "jszip": {
      "version": "2.5.0",
      "resolved": "https://registry.npmjs.org/jszip/-/jszip-2.5.0.tgz",
      "integrity": "sha1-dET9hVHd8+XacZj+oMkbyDCMwnQ=",
      "dev": true,
      "requires": {
        "pako": "~0.2.5"
      }
    },
    "lodash": {
      "version": "4.17.21",
      "resolved": "https://registry.npmjs.org/lodash/-/lodash-4.17.21.tgz",
      "integrity": "sha512-v2kDEe57lecTulaDIuNTPy3Ry4gLGJ6Z1O3vE1krgXZNrsQ+LFTGHVxVjcXPs17LhbZVGedAJv8XZ1tvj5FvSg==",
      "dev": true
    },
    "mime-db": {
      "version": "1.11.0",
      "resolved": "https://registry.npmjs.org/mime-db/-/mime-db-1.11.0.tgz",
      "integrity": "sha1-ZY4VY7Utczp4FhIkuDUWa0Vwaas=",
      "dev": true
    },
    "mime-types": {
      "version": "2.0.13",
      "resolved": "https://registry.npmjs.org/mime-types/-/mime-types-2.0.13.tgz",
      "integrity": "sha1-Mz9Vea5usgP9jzClaKhp0xqPHKw=",
      "dev": true,
      "requires": {
        "mime-db": "~1.11.0"
      }
    },
    "pako": {
      "version": "0.2.9",
      "resolved": "https://registry.npmjs.org/pako/-/pako-0.2.9.tgz",
      "integrity": "sha1-8/dSL073gjSNqBYbrZ7P1Rv4OnU=",
      "dev": true
    }
  }
}
